
Microsoft Visual Studio Solution File, Format Version 12.00
# Visual Studio Version 16
VisualStudioVersion = 16.0.30804.86
MinimumVisualStudioVersion = 10.0.40219.1
Project("{FAE04EC0-301F-11D3-BF4B-00C04F79EFBC}") = "Ikea", "Ikea\Ikea.csproj", "{14446239-9CB9-4E8A-8DBA-E01B134CDCB3}"
EndProject
Global
	GlobalSection(SolutionConfigurationPlatforms) = preSolution
		Debug|Any CPU = Debug|Any CPU
		Release|Any CPU = Release|Any CPU
	EndGlobalSection
	GlobalSection(ProjectConfigurationPlatforms) = postSolution
		{14446239-9CB9-4E8A-8DBA-E01B134CDCB3}.Debug|Any CPU.ActiveCfg = Debug|Any CPU
		{14446239-9CB9-4E8A-8DBA-E01B134CDCB3}.Debug|Any CPU.Build.0 = Debug|Any CPU
		{14446239-9CB9-4E8A-8DBA-E01B134CDCB3}.Release|Any CPU.ActiveCfg = Release|Any CPU
		{14446239-9CB9-4E8A-8DBA-E01B134CDCB3}.Release|Any CPU.Build.0 = Release|Any CPU
	EndGlobalSection
	GlobalSection(SolutionProperties) = preSolution
		HideSolutionNode = FALSE
	EndGlobalSection
	GlobalSection(ExtensibilityGlobals) = postSolution
		SolutionGuid = {9A05C49E-8DC5-441B-9481-4536A0C0B9BE}
	EndGlobalSection
EndGlobal
